// !$*UTF8*$!
{
	archiveVersion = 1;
	classes = {
	};
	objectVersion = 50;
	objects = {

/* Begin PBXBuildFile section */
		1C42D137234852BA00A034A2 /* AppDelegate.swift in Sources */ = {isa = PBXBuildFile; fileRef = 1C42D136234852BA00A034A2 /* AppDelegate.swift */; };
		1C42D139234852BA00A034A2 /* PhotosViewController.swift in Sources */ = {isa = PBXBuildFile; fileRef = 1C42D138234852BA00A034A2 /* PhotosViewController.swift */; };
		1C42D13C234852BA00A034A2 /* Main.storyboard in Resources */ = {isa = PBXBuildFile; fileRef = 1C42D13A234852BA00A034A2 /* Main.storyboard */; };
		1C42D13E234852BB00A034A2 /* Assets.xcassets in Resources */ = {isa = PBXBuildFile; fileRef = 1C42D13D234852BB00A034A2 /* Assets.xcassets */; };
		1C42D141234852BB00A034A2 /* LaunchScreen.storyboard in Resources */ = {isa = PBXBuildFile; fileRef = 1C42D13F234852BB00A034A2 /* LaunchScreen.storyboard */; };
		1C42D14C234852BC00A034A2 /* PhotosAppTests.swift in Sources */ = {isa = PBXBuildFile; fileRef = 1C42D14B234852BC00A034A2 /* PhotosAppTests.swift */; };
		1C42D157234852BC00A034A2 /* PhotosAppUITests.swift in Sources */ = {isa = PBXBuildFile; fileRef = 1C42D156234852BC00A034A2 /* PhotosAppUITests.swift */; };
		1C42D165234854F400A034A2 /* PhotosService.swift in Sources */ = {isa = PBXBuildFile; fileRef = 1C42D164234854F400A034A2 /* PhotosService.swift */; };
		1C42D167234859BD00A034A2 /* PhotosModel.swift in Sources */ = {isa = PBXBuildFile; fileRef = 1C42D166234859BD00A034A2 /* PhotosModel.swift */; };
		1C42D16A2349A8A600A034A2 /* PhotosTableViewCell.swift in Sources */ = {isa = PBXBuildFile; fileRef = 1C42D1682349A8A600A034A2 /* PhotosTableViewCell.swift */; };
		1C42D16B2349A8A600A034A2 /* PhotosTableViewCell.xib in Resources */ = {isa = PBXBuildFile; fileRef = 1C42D1692349A8A600A034A2 /* PhotosTableViewCell.xib */; };
/* End PBXBuildFile section */

/* Begin PBXContainerItemProxy section */
		1C42D148234852BC00A034A2 /* PBXContainerItemProxy */ = {
			isa = PBXContainerItemProxy;
			containerPortal = 1C42D12B234852BA00A034A2 /* Project object */;
			proxyType = 1;
			remoteGlobalIDString = 1C42D132234852BA00A034A2;
			remoteInfo = PhotosApp;
		};
		1C42D153234852BC00A034A2 /* PBXContainerItemProxy */ = {
			isa = PBXContainerItemProxy;
			containerPortal = 1C42D12B234852BA00A034A2 /* Project object */;
			proxyType = 1;
			remoteGlobalIDString = 1C42D132234852BA00A034A2;
			remoteInfo = PhotosApp;
		};
/* End PBXContainerItemProxy section */

/* Begin PBXFileReference section */
		1C42D133234852BA00A034A2 /* PhotosApp.app */ = {isa = PBXFileReference; explicitFileType = wrapper.application; includeInIndex = 0; path = PhotosApp.app; sourceTree = BUILT_PRODUCTS_DIR; };
		1C42D136234852BA00A034A2 /* AppDelegate.swift */ = {isa = PBXFileReference; lastKnownFileType = sourcecode.swift; path = AppDelegate.swift; sourceTree = "<group>"; };
		1C42D138234852BA00A034A2 /* PhotosViewController.swift */ = {isa = PBXFileReference; lastKnownFileType = sourcecode.swift; path = PhotosViewController.swift; sourceTree = "<group>"; };
		1C42D13B234852BA00A034A2 /* Base */ = {isa = PBXFileReference; lastKnownFileType = file.storyboard; name = Base; path = Base.lproj/Main.storyboard; sourceTree = "<group>"; };
		1C42D13D234852BB00A034A2 /* Assets.xcassets */ = {isa = PBXFileReference; lastKnownFileType = folder.assetcatalog; path = Assets.xcassets; sourceTree = "<group>"; };
		1C42D140234852BB00A034A2 /* Base */ = {isa = PBXFileReference; lastKnownFileType = file.storyboard; name = Base; path = Base.lproj/LaunchScreen.storyboard; sourceTree = "<group>"; };
		1C42D142234852BB00A034A2 /* Info.plist */ = {isa = PBXFileReference; lastKnownFileType = text.plist.xml; path = Info.plist; sourceTree = "<group>"; };
		1C42D147234852BC00A034A2 /* PhotosAppTests.xctest */ = {isa = PBXFileReference; explicitFileType = wrapper.cfbundle; includeInIndex = 0; path = PhotosAppTests.xctest; sourceTree = BUILT_PRODUCTS_DIR; };
		1C42D14B234852BC00A034A2 /* PhotosAppTests.swift */ = {isa = PBXFileReference; lastKnownFileType = sourcecode.swift; path = PhotosAppTests.swift; sourceTree = "<group>"; };
		1C42D14D234852BC00A034A2 /* Info.plist */ = {isa = PBXFileReference; lastKnownFileType = text.plist.xml; path = Info.plist; sourceTree = "<group>"; };
		1C42D152234852BC00A034A2 /* PhotosAppUITests.xctest */ = {isa = PBXFileReference; explicitFileType = wrapper.cfbundle; includeInIndex = 0; path = PhotosAppUITests.xctest; sourceTree = BUILT_PRODUCTS_DIR; };
		1C42D156234852BC00A034A2 /* PhotosAppUITests.swift */ = {isa = PBXFileReference; lastKnownFileType = sourcecode.swift; path = PhotosAppUITests.swift; sourceTree = "<group>"; };
		1C42D158234852BC00A034A2 /* Info.plist */ = {isa = PBXFileReference; lastKnownFileType = text.plist.xml; path = Info.plist; sourceTree = "<group>"; };
		1C42D164234854F400A034A2 /* PhotosService.swift */ = {isa = PBXFileReference; lastKnownFileType = sourcecode.swift; path = PhotosService.swift; sourceTree = "<group>"; };
		1C42D166234859BD00A034A2 /* PhotosModel.swift */ = {isa = PBXFileReference; lastKnownFileType = sourcecode.swift; path = PhotosModel.swift; sourceTree = "<group>"; };
		1C42D1682349A8A600A034A2 /* PhotosTableViewCell.swift */ = {isa = PBXFileReference; lastKnownFileType = sourcecode.swift; path = PhotosTableViewCell.swift; sourceTree = "<group>"; };
		1C42D1692349A8A600A034A2 /* PhotosTableViewCell.xib */ = {isa = PBXFileReference; lastKnownFileType = file.xib; path = PhotosTableViewCell.xib; sourceTree = "<group>"; };
/* End PBXFileReference section */

/* Begin PBXFrameworksBuildPhase section */
		1C42D130234852BA00A034A2 /* Frameworks */ = {
			isa = PBXFrameworksBuildPhase;
			buildActionMask = 2147483647;
			files = (
			);
			runOnlyForDeploymentPostprocessing = 0;
		};
		1C42D144234852BC00A034A2 /* Frameworks */ = {
			isa = PBXFrameworksBuildPhase;
			buildActionMask = 2147483647;
			files = (
			);
			runOnlyForDeploymentPostprocessing = 0;
		};
		1C42D14F234852BC00A034A2 /* Frameworks */ = {
			isa = PBXFrameworksBuildPhase;
			buildActionMask = 2147483647;
			files = (
			);
			runOnlyForDeploymentPostprocessing = 0;
		};
/* End PBXFrameworksBuildPhase section */

/* Begin PBXGroup section */
		1C42D12A234852BA00A034A2 = {
			isa = PBXGroup;
			children = (
				1C42D135234852BA00A034A2 /* PhotosApp */,
				1C42D14A234852BC00A034A2 /* PhotosAppTests */,
				1C42D155234852BC00A034A2 /* PhotosAppUITests */,
				1C42D134234852BA00A034A2 /* Products */,
			);
			sourceTree = "<group>";
		};
		1C42D134234852BA00A034A2 /* Products */ = {
			isa = PBXGroup;
			children = (
				1C42D133234852BA00A034A2 /* PhotosApp.app */,
				1C42D147234852BC00A034A2 /* PhotosAppTests.xctest */,
				1C42D152234852BC00A034A2 /* PhotosAppUITests.xctest */,
			);
			name = Products;
			sourceTree = "<group>";
		};
		1C42D135234852BA00A034A2 /* PhotosApp */ = {
			isa = PBXGroup;
			children = (
				1C42D136234852BA00A034A2 /* AppDelegate.swift */,
				1C42D138234852BA00A034A2 /* PhotosViewController.swift */,
				1C42D13A234852BA00A034A2 /* Main.storyboard */,
				1C42D13D234852BB00A034A2 /* Assets.xcassets */,
				1C42D13F234852BB00A034A2 /* LaunchScreen.storyboard */,
				1C42D142234852BB00A034A2 /* Info.plist */,
				1C42D164234854F400A034A2 /* PhotosService.swift */,
				1C42D166234859BD00A034A2 /* PhotosModel.swift */,
				1C42D1682349A8A600A034A2 /* PhotosTableViewCell.swift */,
				1C42D1692349A8A600A034A2 /* PhotosTableViewCell.xib */,
			);
			path = PhotosApp;
			sourceTree = "<group>";
		};
		1C42D14A234852BC00A034A2 /* PhotosAppTests */ = {
			isa = PBXGroup;
			children = (
				1C42D14B234852BC00A034A2 /* PhotosAppTests.swift */,
				1C42D14D234852BC00A034A2 /* Info.plist */,
			);
			path = PhotosAppTests;
			sourceTree = "<group>";
		};
		1C42D155234852BC00A034A2 /* PhotosAppUITests */ = {
			isa = PBXGroup;
			children = (
				1C42D156234852BC00A034A2 /* PhotosAppUITests.swift */,
				1C42D158234852BC00A034A2 /* Info.plist */,
			);
			path = PhotosAppUITests;
			sourceTree = "<group>";
		};
/* End PBXGroup section */

/* Begin PBXNativeTarget section */
		1C42D132234852BA00A034A2 /* PhotosApp */ = {
			isa = PBXNativeTarget;
			buildConfigurationList = 1C42D15B234852BC00A034A2 /* Build configuration list for PBXNativeTarget "PhotosApp" */;
			buildPhases = (
				1C42D12F234852BA00A034A2 /* Sources */,
				1C42D130234852BA00A034A2 /* Frameworks */,
				1C42D131234852BA00A034A2 /* Resources */,
			);
			buildRules = (
			);
			dependencies = (
			);
			name = PhotosApp;
			productName = PhotosApp;
			productReference = 1C42D133234852BA00A034A2 /* PhotosApp.app */;
			productType = "com.apple.product-type.application";
		};
		1C42D146234852BC00A034A2 /* PhotosAppTests */ = {
			isa = PBXNativeTarget;
			buildConfigurationList = 1C42D15E234852BC00A034A2 /* Build configuration list for PBXNativeTarget "PhotosAppTests" */;
			buildPhases = (
				1C42D143234852BC00A034A2 /* Sources */,
				1C42D144234852BC00A034A2 /* Frameworks */,
				1C42D145234852BC00A034A2 /* Resources */,
			);
			buildRules = (
			);
			dependencies = (
				1C42D149234852BC00A034A2 /* PBXTargetDependency */,
			);
			name = PhotosAppTests;
			productName = PhotosAppTests;
			productReference = 1C42D147234852BC00A034A2 /* PhotosAppTests.xctest */;
			productType = "com.apple.product-type.bundle.unit-test";
		};
		1C42D151234852BC00A034A2 /* PhotosAppUITests */ = {
			isa = PBXNativeTarget;
			buildConfigurationList = 1C42D161234852BC00A034A2 /* Build configuration list for PBXNativeTarget "PhotosAppUITests" */;
			buildPhases = (
				1C42D14E234852BC00A034A2 /* Sources */,
				1C42D14F234852BC00A034A2 /* Frameworks */,
				1C42D150234852BC00A034A2 /* Resources */,
			);
			buildRules = (
			);
			dependencies = (
				1C42D154234852BC00A034A2 /* PBXTargetDependency */,
			);
			name = PhotosAppUITests;
			productName = PhotosAppUITests;
			productReference = 1C42D152234852BC00A034A2 /* PhotosAppUITests.xctest */;
			productType = "com.apple.product-type.bundle.ui-testing";
		};
/* End PBXNativeTarget section */

/* Begin PBXProject section */
		1C42D12B234852BA00A034A2 /* Project object */ = {
			isa = PBXProject;
			attributes = {
				LastSwiftUpdateCheck = 1030;
				LastUpgradeCheck = 1030;
				ORGANIZATIONNAME = ImranSyed;
				TargetAttributes = {
					1C42D132234852BA00A034A2 = {
						CreatedOnToolsVersion = 10.3;
					};
					1C42D146234852BC00A034A2 = {
						CreatedOnToolsVersion = 10.3;
						TestTargetID = 1C42D132234852BA00A034A2;
					};
					1C42D151234852BC00A034A2 = {
						CreatedOnToolsVersion = 10.3;
						TestTargetID = 1C42D132234852BA00A034A2;
					};
				};
			};
			buildConfigurationList = 1C42D12E234852BA00A034A2 /* Build configuration list for PBXProject "PhotosApp" */;
			compatibilityVersion = "Xcode 9.3";
			developmentRegion = en;
			hasScannedForEncodings = 0;
			knownRegions = (
				en,
				Base,
			);
			mainGroup = 1C42D12A234852BA00A034A2;
			productRefGroup = 1C42D134234852BA00A034A2 /* Products */;
			projectDirPath = "";
			projectRoot = "";
			targets = (
				1C42D132234852BA00A034A2 /* PhotosApp */,
				1C42D146234852BC00A034A2 /* PhotosAppTests */,
				1C42D151234852BC00A034A2 /* PhotosAppUITests */,
			);
		};
/* End PBXProject section */

/* Begin PBXResourcesBuildPhase section */
		1C42D131234852BA00A034A2 /* Resources */ = {
			isa = PBXResourcesBuildPhase;
			buildActionMask = 2147483647;
			files = (
				1C42D16B2349A8A600A034A2 /* PhotosTableViewCell.xib in Resources */,
				1C42D141234852BB00A034A2 /* LaunchScreen.storyboard in Resources */,
				1C42D13E234852BB00A034A2 /* Assets.xcassets in Resources */,
				1C42D13C234852BA00A034A2 /* Main.storyboard in Resources */,
			);
			runOnlyForDeploymentPostprocessing = 0;
		};
		1C42D145234852BC00A034A2 /* Resources */ = {
			isa = PBXResourcesBuildPhase;
			buildActionMask = 2147483647;
			files = (
			);
			runOnlyForDeploymentPostprocessing = 0;
		};
		1C42D150234852BC00A034A2 /* Resources */ = {
			isa = PBXResourcesBuildPhase;
			buildActionMask = 2147483647;
			files = (
			);
			runOnlyForDeploymentPostprocessing = 0;
		};
/* End PBXResourcesBuildPhase section */

/* Begin PBXSourcesBuildPhase section */
		1C42D12F234852BA00A034A2 /* Sources */ = {
			isa = PBXSourcesBuildPhase;
			buildActionMask = 2147483647;
			files = (
				1C42D16A2349A8A600A034A2 /* PhotosTableViewCell.swift in Sources */,
				1C42D139234852BA00A034A2 /* PhotosViewController.swift in Sources */,
				1C42D165234854F400A034A2 /* PhotosService.swift in Sources */,
				1C42D167234859BD00A034A2 /* PhotosModel.swift in Sources */,
				1C42D137234852BA00A034A2 /* AppDelegate.swift in Sources */,
			);
			runOnlyForDeploymentPostprocessing = 0;
		};
		1C42D143234852BC00A034A2 /* Sources */ = {
			isa = PBXSourcesBuildPhase;
			buildActionMask = 2147483647;
			files = (
				1C42D14C234852BC00A034A2 /* PhotosAppTests.swift in Sources */,
			);
			runOnlyForDeploymentPostprocessing = 0;
		};
		1C42D14E234852BC00A034A2 /* Sources */ = {
			isa = PBXSourcesBuildPhase;
			buildActionMask = 2147483647;
			files = (
				1C42D157234852BC00A034A2 /* PhotosAppUITests.swift in Sources */,
			);
			runOnlyForDeploymentPostprocessing = 0;
		};
/* End PBXSourcesBuildPhase section */

/* Begin PBXTargetDependency section */
		1C42D149234852BC00A034A2 /* PBXTargetDependency */ = {
			isa = PBXTargetDependency;
			target = 1C42D132234852BA00A034A2 /* PhotosApp */;
			targetProxy = 1C42D148234852BC00A034A2 /* PBXContainerItemProxy */;
		};
		1C42D154234852BC00A034A2 /* PBXTargetDependency */ = {
			isa = PBXTargetDependency;
			target = 1C42D132234852BA00A034A2 /* PhotosApp */;
			targetProxy = 1C42D153234852BC00A034A2 /* PBXContainerItemProxy */;
		};
/* End PBXTargetDependency section */

/* Begin PBXVariantGroup section */
		1C42D13A234852BA00A034A2 /* Main.storyboard */ = {
			isa = PBXVariantGroup;
			children = (
				1C42D13B234852BA00A034A2 /* Base */,
			);
			name = Main.storyboard;
			sourceTree = "<group>";
		};
		1C42D13F234852BB00A034A2 /* LaunchScreen.storyboard */ = {
			isa = PBXVariantGroup;
			children = (
				1C42D140234852BB00A034A2 /* Base */,
			);
			name = LaunchScreen.storyboard;
			sourceTree = "<group>";
		};
/* End PBXVariantGroup section */

/* Begin XCBuildConfiguration section */
		1C42D159234852BC00A034A2 /* Debug */ = {
			isa = XCBuildConfiguration;
			buildSettings = {
				ALWAYS_SEARCH_USER_PATHS = NO;
				CLANG_ANALYZER_NONNULL = YES;
				CLANG_ANALYZER_NUMBER_OBJECT_CONVERSION = YES_AGGRESSIVE;
				CLANG_CXX_LANGUAGE_STANDARD = "gnu++14";
				CLANG_CXX_LIBRARY = "libc++";
				CLANG_ENABLE_MODULES = YES;
				CLANG_ENABLE_OBJC_ARC = YES;
				CLANG_ENABLE_OBJC_WEAK = YES;
				CLANG_WARN_BLOCK_CAPTURE_AUTORELEASING = YES;
				CLANG_WARN_BOOL_CONVERSION = YES;
				CLANG_WARN_COMMA = YES;
				CLANG_WARN_CONSTANT_CONVERSION = YES;
				CLANG_WARN_DEPRECATED_OBJC_IMPLEMENTATIONS = YES;
				CLANG_WARN_DIRECT_OBJC_ISA_USAGE = YES_ERROR;
				CLANG_WARN_DOCUMENTATION_COMMENTS = YES;
				CLANG_WARN_EMPTY_BODY = YES;
				CLANG_WARN_ENUM_CONVERSION = YES;
				CLANG_WARN_INFINITE_RECURSION = YES;
				CLANG_WARN_INT_CONVERSION = YES;
				CLANG_WARN_NON_LITERAL_NULL_CONVERSION = YES;
				CLANG_WARN_OBJC_IMPLICIT_RETAIN_SELF = YES;
				CLANG_WARN_OBJC_LITERAL_CONVERSION = YES;
				CLANG_WARN_OBJC_ROOT_CLASS = YES_ERROR;
				CLANG_WARN_RANGE_LOOP_ANALYSIS = YES;
				CLANG_WARN_STRICT_PROTOTYPES = YES;
				CLANG_WARN_SUSPICIOUS_MOVE = YES;
				CLANG_WARN_UNGUARDED_AVAILABILITY = YES_AGGRESSIVE;
				CLANG_WARN_UNREACHABLE_CODE = YES;
				CLANG_WARN__DUPLICATE_METHOD_MATCH = YES;
				CODE_SIGN_IDENTITY = "iPhone Developer";
				COPY_PHASE_STRIP = NO;
				DEBUG_INFORMATION_FORMAT = dwarf;
				ENABLE_STRICT_OBJC_MSGSEND = YES;
				ENABLE_TESTABILITY = YES;
				GCC_C_LANGUAGE_STANDARD = gnu11;
				GCC_DYNAMIC_NO_PIC = NO;
				GCC_NO_COMMON_BLOCKS = YES;
				GCC_OPTIMIZATION_LEVEL = 0;
				GCC_PREPROCESSOR_DEFINITIONS = (
					"DEBUG=1",
					"$(inherited)",
				);
				GCC_WARN_64_TO_32_BIT_CONVERSION = YES;
				GCC_WARN_ABOUT_RETURN_TYPE = YES_ERROR;
				GCC_WARN_UNDECLARED_SELECTOR = YES;
				GCC_WARN_UNINITIALIZED_AUTOS = YES_AGGRESSIVE;
				GCC_WARN_UNUSED_FUNCTION = YES;
				GCC_WARN_UNUSED_VARIABLE = YES;
				IPHONEOS_DEPLOYMENT_TARGET = 12.4;
				MTL_ENABLE_DEBUG_INFO = INCLUDE_SOURCE;
				MTL_FAST_MATH = YES;
				ONLY_ACTIVE_ARCH = YES;
				SDKROOT = iphoneos;
				SWIFT_ACTIVE_COMPILATION_CONDITIONS = DEBUG;
				SWIFT_OPTIMIZATION_LEVEL = "-Onone";
			};
			name = Debug;
		};
		1C42D15A234852BC00A034A2 /* Release */ = {
			isa = XCBuildConfiguration;
			buildSettings = {
				ALWAYS_SEARCH_USER_PATHS = NO;
				CLANG_ANALYZER_NONNULL = YES;
				CLANG_ANALYZER_NUMBER_OBJECT_CONVERSION = YES_AGGRESSIVE;
				CLANG_CXX_LANGUAGE_STANDARD = "gnu++14";
				CLANG_CXX_LIBRARY = "libc++";
				CLANG_ENABLE_MODULES = YES;
				CLANG_ENABLE_OBJC_ARC = YES;
				CLANG_ENABLE_OBJC_WEAK = YES;
				CLANG_WARN_BLOCK_CAPTURE_AUTORELEASING = YES;
				CLANG_WARN_BOOL_CONVERSION = YES;
				CLANG_WARN_COMMA = YES;
				CLANG_WARN_CONSTANT_CONVERSION = YES;
				CLANG_WARN_DEPRECATED_OBJC_IMPLEMENTATIONS = YES;
				CLANG_WARN_DIRECT_OBJC_ISA_USAGE = YES_ERROR;
				CLANG_WARN_DOCUMENTATION_COMMENTS = YES;
				CLANG_WARN_EMPTY_BODY = YES;
				CLANG_WARN_ENUM_CONVERSION = YES;
				CLANG_WARN_INFINITE_RECURSION = YES;
				CLANG_WARN_INT_CONVERSION = YES;
				CLANG_WARN_NON_LITERAL_NULL_CONVERSION = YES;
				CLANG_WARN_OBJC_IMPLICIT_RETAIN_SELF = YES;
				CLANG_WARN_OBJC_LITERAL_CONVERSION = YES;
				CLANG_WARN_OBJC_ROOT_CLASS = YES_ERROR;
				CLANG_WARN_RANGE_LOOP_ANALYSIS = YES;
				CLANG_WARN_STRICT_PROTOTYPES = YES;
				CLANG_WARN_SUSPICIOUS_MOVE = YES;
				CLANG_WARN_UNGUARDED_AVAILABILITY = YES_AGGRESSIVE;
				CLANG_WARN_UNREACHABLE_CODE = YES;
				CLANG_WARN__DUPLICATE_METHOD_MATCH = YES;
				CODE_SIGN_IDENTITY = "iPhone Developer";
				COPY_PHASE_STRIP = NO;
				DEBUG_INFORMATION_FORMAT = "dwarf-with-dsym";
				ENABLE_NS_ASSERTIONS = NO;
				ENABLE_STRICT_OBJC_MSGSEND = YES;
				GCC_C_LANGUAGE_STANDARD = gnu11;
				GCC_NO_COMMON_BLOCKS = YES;
				GCC_WARN_64_TO_32_BIT_CONVERSION = YES;
				GCC_WARN_ABOUT_RETURN_TYPE = YES_ERROR;
				GCC_WARN_UNDECLARED_SELECTOR = YES;
				GCC_WARN_UNINITIALIZED_AUTOS = YES_AGGRESSIVE;
				GCC_WARN_UNUSED_FUNCTION = YES;
				GCC_WARN_UNUSED_VARIABLE = YES;
				IPHONEOS_DEPLOYMENT_TARGET = 12.4;
				MTL_ENABLE_DEBUG_INFO = NO;
				MTL_FAST_MATH = YES;
				SDKROOT = iphoneos;
				SWIFT_COMPILATION_MODE = wholemodule;
				SWIFT_OPTIMIZATION_LEVEL = "-O";
				VALIDATE_PRODUCT = YES;
			};
			name = Release;
		};
		1C42D15C234852BC00A034A2 /* Debug */ = {
			isa = XCBuildConfiguration;
			buildSettings = {
				ASSETCATALOG_COMPILER_APPICON_NAME = AppIcon;
				CODE_SIGN_STYLE = Automatic;
				INFOPLIST_FILE = PhotosApp/Info.plist;
				LD_RUNPATH_SEARCH_PATHS = (
					"$(inherited)",
					"@executable_path/Frameworks",
				);
				PRODUCT_BUNDLE_IDENTIFIER = com.ImranSyed.PhotosApp;
				PRODUCT_NAME = "$(TARGET_NAME)";
				SWIFT_VERSION = 5.0;
				TARGETED_DEVICE_FAMILY = "1,2";
			};
			name = Debug;
		};
		1C42D15D234852BC00A034A2 /* Release */ = {
			isa = XCBuildConfiguration;
			buildSettings = {
				ASSETCATALOG_COMPILER_APPICON_NAME = AppIcon;
				CODE_SIGN_STYLE = Automatic;
				INFOPLIST_FILE = PhotosApp/Info.plist;
				LD_RUNPATH_SEARCH_PATHS = (
					"$(inherited)",
					"@executable_path/Frameworks",
				);
				PRODUCT_BUNDLE_IDENTIFIER = com.ImranSyed.PhotosApp;
				PRODUCT_NAME = "$(TARGET_NAME)";
				SWIFT_VERSION = 5.0;
				TARGETED_DEVICE_FAMILY = "1,2";
			};
			name = Release;
		};
		1C42D15F234852BC00A034A2 /* Debug */ = {
			isa = XCBuildConfiguration;
			buildSettings = {
				ALWAYS_EMBED_SWIFT_STANDARD_LIBRARIES = YES;
				BUNDLE_LOADER = "$(TEST_HOST)";
				CODE_SIGN_STYLE = Automatic;
				INFOPLIST_FILE = PhotosAppTests/Info.plist;
				LD_RUNPATH_SEARCH_PATHS = (
					"$(inherited)",
					"@executable_path/Frameworks",
					"@loader_path/Frameworks",
				);
				PRODUCT_BUNDLE_IDENTIFIER = com.ImranSyed.PhotosAppTests;
				PRODUCT_NAME = "$(TARGET_NAME)";
				SWIFT_VERSION = 5.0;
				TARGETED_DEVICE_FAMILY = "1,2";
				TEST_HOST = "$(BUILT_PRODUCTS_DIR)/PhotosApp.app/PhotosApp";
			};
			name = Debug;
		};
		1C42D160234852BC00A034A2 /* Release */ = {
			isa = XCBuildConfiguration;
			buildSettings = {
				ALWAYS_EMBED_SWIFT_STANDARD_LIBRARIES = YES;
				BUNDLE_LOADER = "$(TEST_HOST)";
				CODE_SIGN_STYLE = Automatic;
				INFOPLIST_FILE = PhotosAppTests/Info.plist;
				LD_RUNPATH_SEARCH_PATHS = (
					"$(inherited)",
					"@executable_path/Frameworks",
					"@loader_path/Frameworks",
				);
				PRODUCT_BUNDLE_IDENTIFIER = com.ImranSyed.PhotosAppTests;
				PRODUCT_NAME = "$(TARGET_NAME)";
				SWIFT_VERSION = 5.0;
				TARGETED_DEVICE_FAMILY = "1,2";
				TEST_HOST = "$(BUILT_PRODUCTS_DIR)/PhotosApp.app/PhotosApp";
			};
			name = Release;
		};
		1C42D162234852BC00A034A2 /* Debug */ = {
			isa = XCBuildConfiguration;
			buildSettings = {
				ALWAYS_EMBED_SWIFT_STANDARD_LIBRARIES = YES;
				CODE_SIGN_STYLE = Automatic;
				INFOPLIST_FILE = PhotosAppUITests/Info.plist;
				LD_RUNPATH_SEARCH_PATHS = (
					"$(inherited)",
					"@executable_path/Frameworks",
					"@loader_path/Frameworks",
				);
				PRODUCT_BUNDLE_IDENTIFIER = com.ImranSyed.PhotosAppUITests;
				PRODUCT_NAME = "$(TARGET_NAME)";
				SWIFT_VERSION = 5.0;
				TARGETED_DEVICE_FAMILY = "1,2";
				TEST_TARGET_NAME = PhotosApp;
			};
			name = Debug;
		};
		1C42D163234852BC00A034A2 /* Release */ = {
			isa = XCBuildConfiguration;
			buildSettings = {
				ALWAYS_EMBED_SWIFT_STANDARD_LIBRARIES = YES;
				CODE_SIGN_STYLE = Automatic;
				INFOPLIST_FILE = PhotosAppUITests/Info.plist;
				LD_RUNPATH_SEARCH_PATHS = (
					"$(inherited)",
					"@executable_path/Frameworks",
					"@loader_path/Frameworks",
				);
				PRODUCT_BUNDLE_IDENTIFIER = com.ImranSyed.PhotosAppUITests;
				PRODUCT_NAME = "$(TARGET_NAME)";
				SWIFT_VERSION = 5.0;
				TARGETED_DEVICE_FAMILY = "1,2";
				TEST_TARGET_NAME = PhotosApp;
			};
			name = Release;
		};
/* End XCBuildConfiguration section */

/* Begin XCConfigurationList section */
		1C42D12E234852BA00A034A2 /* Build configuration list for PBXProject "PhotosApp" */ = {
			isa = XCConfigurationList;
			buildConfigurations = (
				1C42D159234852BC00A034A2 /* Debug */,
				1C42D15A234852BC00A034A2 /* Release */,
			);
			defaultConfigurationIsVisible = 0;
			defaultConfigurationName = Release;
		};
		1C42D15B234852BC00A034A2 /* Build configuration list for PBXNativeTarget "PhotosApp" */ = {
			isa = XCConfigurationList;
			buildConfigurations = (
				1C42D15C234852BC00A034A2 /* Debug */,
				1C42D15D234852BC00A034A2 /* Release */,
			);
			defaultConfigurationIsVisible = 0;
			defaultConfigurationName = Release;
		};
		1C42D15E234852BC00A034A2 /* Build configuration list for PBXNativeTarget "PhotosAppTests" */ = {
			isa = XCConfigurationList;
			buildConfigurations = (
				1C42D15F234852BC00A034A2 /* Debug */,
				1C42D160234852BC00A034A2 /* Release */,
			);
			defaultConfigurationIsVisible = 0;
			defaultConfigurationName = Release;
		};
		1C42D161234852BC00A034A2 /* Build configuration list for PBXNativeTarget "PhotosAppUITests" */ = {
			isa = XCConfigurationList;
			buildConfigurations = (
				1C42D162234852BC00A034A2 /* Debug */,
				1C42D163234852BC00A034A2 /* Release */,
			);
			defaultConfigurationIsVisible = 0;
			defaultConfigurationName = Release;
		};
/* End XCConfigurationList section */
	};
	rootObject = 1C42D12B234852BA00A034A2 /* Project object */;
}
